
Microsoft Visual Studio Solution File, Format Version 12.00
# Visual Studio Version 17
VisualStudioVersion = 17.4.33205.214
MinimumVisualStudioVersion = 10.0.40219.1
Project("{FAE04EC0-301F-11D3-BF4B-00C04F79EFBC}") = "MesajlasmaUygulamasi", "MesajlasmaUygulamasi\MesajlasmaUygulamasi.csproj", "{68E25BF4-E174-4BC3-AACB-C52731629356}"
EndProject
Global
	GlobalSection(SolutionConfigurationPlatforms) = preSolution
		Debug|Any CPU = Debug|Any CPU
		Release|Any CPU = Release|Any CPU
	EndGlobalSection
	GlobalSection(ProjectConfigurationPlatforms) = postSolution
		{68E25BF4-E174-4BC3-AACB-C52731629356}.Debug|Any CPU.ActiveCfg = Debug|Any CPU
		{68E25BF4-E174-4BC3-AACB-C52731629356}.Debug|Any CPU.Build.0 = Debug|Any CPU
		{68E25BF4-E174-4BC3-AACB-C52731629356}.Release|Any CPU.ActiveCfg = Release|Any CPU
		{68E25BF4-E174-4BC3-AACB-C52731629356}.Release|Any CPU.Build.0 = Release|Any CPU
	EndGlobalSection
	GlobalSection(SolutionProperties) = preSolution
		HideSolutionNode = FALSE
	EndGlobalSection
	GlobalSection(ExtensibilityGlobals) = postSolution
		SolutionGuid = {235E884B-A120-4778-9991-17C0F1438A7A}
	EndGlobalSection
EndGlobal
